// !$*UTF8*$!
{
	archiveVersion = 1;
	classes = {
	};
	objectVersion = 56;
	objects = {

/* Begin PBXBuildFile section */
		B993D6EE2C1E0C08007AF2C9 /* UIButton.swift in Sources */ = {isa = PBXBuildFile; fileRef = B993D6EC2C1E0C08007AF2C9 /* UIButton.swift */; };
		B993D73C2C1E1231007AF2C9 /* Extension+SplashViewController.swift in Sources */ = {isa = PBXBuildFile; fileRef = B993D70C2C1E1231007AF2C9 /* Extension+SplashViewController.swift */; };
		B993D73D2C1E1231007AF2C9 /* EllipticalGradientLayer.swift in Sources */ = {isa = PBXBuildFile; fileRef = B993D70E2C1E1231007AF2C9 /* EllipticalGradientLayer.swift */; };
		B993D73E2C1E1231007AF2C9 /* EllipticalRadialGradientView.swift in Sources */ = {isa = PBXBuildFile; fileRef = B993D70F2C1E1231007AF2C9 /* EllipticalRadialGradientView.swift */; };
		B993D73F2C1E1231007AF2C9 /* FightResultView.swift in Sources */ = {isa = PBXBuildFile; fileRef = B993D7112C1E1231007AF2C9 /* FightResultView.swift */; };
		B993D7402C1E1231007AF2C9 /* FightResultViewController.swift in Sources */ = {isa = PBXBuildFile; fileRef = B993D7122C1E1231007AF2C9 /* FightResultViewController.swift */; };
		B993D7412C1E1231007AF2C9 /* FightLoadViewController.swift in Sources */ = {isa = PBXBuildFile; fileRef = B993D7142C1E1231007AF2C9 /* FightLoadViewController.swift */; };
		B993D7422C1E1231007AF2C9 /* PersonCell.swift in Sources */ = {isa = PBXBuildFile; fileRef = B993D7162C1E1231007AF2C9 /* PersonCell.swift */; };
		B993D7432C1E1231007AF2C9 /* PersonsViewController.swift in Sources */ = {isa = PBXBuildFile; fileRef = B993D7172C1E1231007AF2C9 /* PersonsViewController.swift */; };
		B993D7442C1E1231007AF2C9 /* ResultsCell.swift in Sources */ = {isa = PBXBuildFile; fileRef = B993D7192C1E1231007AF2C9 /* ResultsCell.swift */; };
		B993D7452C1E1231007AF2C9 /* ResultsPersonHeader.swift in Sources */ = {isa = PBXBuildFile; fileRef = B993D71A2C1E1231007AF2C9 /* ResultsPersonHeader.swift */; };
		B993D7462C1E1231007AF2C9 /* ResultsService.swift in Sources */ = {isa = PBXBuildFile; fileRef = B993D71B2C1E1231007AF2C9 /* ResultsService.swift */; };
		B993D7472C1E1231007AF2C9 /* ResultsStore.swift in Sources */ = {isa = PBXBuildFile; fileRef = B993D71C2C1E1231007AF2C9 /* ResultsStore.swift */; };
		B993D7482C1E1231007AF2C9 /* ResultsUseCase.swift in Sources */ = {isa = PBXBuildFile; fileRef = B993D71D2C1E1231007AF2C9 /* ResultsUseCase.swift */; };
		B993D7492C1E1231007AF2C9 /* ResultsViewController.swift in Sources */ = {isa = PBXBuildFile; fileRef = B993D71E2C1E1231007AF2C9 /* ResultsViewController.swift */; };
		B993D74A2C1E1231007AF2C9 /* RoundService.swift in Sources */ = {isa = PBXBuildFile; fileRef = B993D7202C1E1231007AF2C9 /* RoundService.swift */; };
		B993D74B2C1E1231007AF2C9 /* RoundStore.swift in Sources */ = {isa = PBXBuildFile; fileRef = B993D7212C1E1231007AF2C9 /* RoundStore.swift */; };
		B993D74C2C1E1231007AF2C9 /* RoundUseCase.swift in Sources */ = {isa = PBXBuildFile; fileRef = B993D7222C1E1231007AF2C9 /* RoundUseCase.swift */; };
		B993D74D2C1E1231007AF2C9 /* RoundView.swift in Sources */ = {isa = PBXBuildFile; fileRef = B993D7232C1E1231007AF2C9 /* RoundView.swift */; };
		B993D74E2C1E1231007AF2C9 /* RoundViewController.swift in Sources */ = {isa = PBXBuildFile; fileRef = B993D7242C1E1231007AF2C9 /* RoundViewController.swift */; };
		B993D74F2C1E1231007AF2C9 /* RulesViewController.swift in Sources */ = {isa = PBXBuildFile; fileRef = B993D7262C1E1231007AF2C9 /* RulesViewController.swift */; };
		B993D7502C1E1231007AF2C9 /* SettingCellVeiw.swift in Sources */ = {isa = PBXBuildFile; fileRef = B993D7282C1E1231007AF2C9 /* SettingCellVeiw.swift */; };
		B993D7512C1E1231007AF2C9 /* SettingsService.swift in Sources */ = {isa = PBXBuildFile; fileRef = B993D7292C1E1231007AF2C9 /* SettingsService.swift */; };
		B993D7522C1E1231007AF2C9 /* SettingsStore.swift in Sources */ = {isa = PBXBuildFile; fileRef = B993D72A2C1E1231007AF2C9 /* SettingsStore.swift */; };
		B993D7532C1E1231007AF2C9 /* SettingsUseCase.swift in Sources */ = {isa = PBXBuildFile; fileRef = B993D72B2C1E1231007AF2C9 /* SettingsUseCase.swift */; };
		B993D7542C1E1231007AF2C9 /* SettingsViewController.swift in Sources */ = {isa = PBXBuildFile; fileRef = B993D72C2C1E1231007AF2C9 /* SettingsViewController.swift */; };
		B993D7552C1E1231007AF2C9 /* SplashViewController.swift in Sources */ = {isa = PBXBuildFile; fileRef = B993D72E2C1E1231007AF2C9 /* SplashViewController.swift */; };
		B993D7562C1E1231007AF2C9 /* SplashView.swift in Sources */ = {isa = PBXBuildFile; fileRef = B993D7302C1E1231007AF2C9 /* SplashView.swift */; };
		B993D7572C1E1231007AF2C9 /* NameViewController.swift in Sources */ = {isa = PBXBuildFile; fileRef = B993D7332C1E1231007AF2C9 /* NameViewController.swift */; };
		B993D7582C1E1231007AF2C9 /* PopupView.swift in Sources */ = {isa = PBXBuildFile; fileRef = B993D7342C1E1231007AF2C9 /* PopupView.swift */; };
		B993D7592C1E1231007AF2C9 /* PopupViewController.swift in Sources */ = {isa = PBXBuildFile; fileRef = B993D7352C1E1231007AF2C9 /* PopupViewController.swift */; };
		B993D75A2C1E1231007AF2C9 /* TripButton.swift in Sources */ = {isa = PBXBuildFile; fileRef = B993D7362C1E1231007AF2C9 /* TripButton.swift */; };
		B993D75B2C1E1231007AF2C9 /* Person.swift in Sources */ = {isa = PBXBuildFile; fileRef = B993D7382C1E1231007AF2C9 /* Person.swift */; };
		B993D75C2C1E1231007AF2C9 /* Recent.swift in Sources */ = {isa = PBXBuildFile; fileRef = B993D7392C1E1231007AF2C9 /* Recent.swift */; };
		B993D7612C1E125E007AF2C9 /* AppDelegate.swift in Sources */ = {isa = PBXBuildFile; fileRef = B993D75E2C1E125E007AF2C9 /* AppDelegate.swift */; };
		B993D7622C1E125E007AF2C9 /* SceneDelegate.swift in Sources */ = {isa = PBXBuildFile; fileRef = B993D75F2C1E125E007AF2C9 /* SceneDelegate.swift */; };
		B993D7652C1E1276007AF2C9 /* LocalService.swift in Sources */ = {isa = PBXBuildFile; fileRef = B993D7632C1E1276007AF2C9 /* LocalService.swift */; };
		B993D7702C1E12C0007AF2C9 /* AppFont.swift in Sources */ = {isa = PBXBuildFile; fileRef = B993D7662C1E12C0007AF2C9 /* AppFont.swift */; };
		B993D7712C1E12C0007AF2C9 /* Rubik-Bold.ttf in Resources */ = {isa = PBXBuildFile; fileRef = B993D7672C1E12C0007AF2C9 /* Rubik-Bold.ttf */; };
		B993D7722C1E12C0007AF2C9 /* Rubik-Medium.ttf in Resources */ = {isa = PBXBuildFile; fileRef = B993D7682C1E12C0007AF2C9 /* Rubik-Medium.ttf */; };
		B993D7732C1E12C0007AF2C9 /* Rubik-Regular.ttf in Resources */ = {isa = PBXBuildFile; fileRef = B993D7692C1E12C0007AF2C9 /* Rubik-Regular.ttf */; };
		B993D7742C1E12C0007AF2C9 /* Assets.xcassets in Resources */ = {isa = PBXBuildFile; fileRef = B993D76B2C1E12C0007AF2C9 /* Assets.xcassets */; };
		B993D7752C1E12C0007AF2C9 /* LaunchScreen.storyboard in Resources */ = {isa = PBXBuildFile; fileRef = B993D76D2C1E12C0007AF2C9 /* LaunchScreen.storyboard */; };
		B993D7762C1E12C0007AF2C9 /* Store.swift in Sources */ = {isa = PBXBuildFile; fileRef = B993D76E2C1E12C0007AF2C9 /* Store.swift */; };
		B993D7782C1E3655007AF2C9 /* TimerManager.swift in Sources */ = {isa = PBXBuildFile; fileRef = B993D7772C1E3655007AF2C9 /* TimerManager.swift */; };
		D9330E512C209AAD005FF222 /* RoundBackgroundView.swift in Sources */ = {isa = PBXBuildFile; fileRef = D9330E502C209AAD005FF222 /* RoundBackgroundView.swift */; };
		D9A3B6402C1EBB2E00F0EB76 /* background.mp3 in Resources */ = {isa = PBXBuildFile; fileRef = D9A3B63F2C1EBB2E00F0EB76 /* background.mp3 */; };
		D9A3B6442C1EE11C00F0EB76 /* ResultSectionHeader.swift in Sources */ = {isa = PBXBuildFile; fileRef = D9A3B6432C1EE11C00F0EB76 /* ResultSectionHeader.swift */; };
		D9A3B6462C1F099100F0EB76 /* button.mp3 in Resources */ = {isa = PBXBuildFile; fileRef = D9A3B6452C1F099100F0EB76 /* button.mp3 */; };
		D9A3B6492C1F1A9300F0EB76 /* FirebaseAuth in Frameworks */ = {isa = PBXBuildFile; productRef = D9A3B6482C1F1A9300F0EB76 /* FirebaseAuth */; };
		D9A3B64B2C1F1A9300F0EB76 /* FirebaseFirestore in Frameworks */ = {isa = PBXBuildFile; productRef = D9A3B64A2C1F1A9300F0EB76 /* FirebaseFirestore */; };
		D9A3B64D2C1F1A9300F0EB76 /* FirebaseFirestoreSwift in Frameworks */ = {isa = PBXBuildFile; productRef = D9A3B64C2C1F1A9300F0EB76 /* FirebaseFirestoreSwift */; };
		D9A3B64F2C1F1A9300F0EB76 /* FirebaseStorage in Frameworks */ = {isa = PBXBuildFile; productRef = D9A3B64E2C1F1A9300F0EB76 /* FirebaseStorage */; };
		D9A3B6512C1F1B1400F0EB76 /* GoogleService-Info.plist in Resources */ = {isa = PBXBuildFile; fileRef = D9A3B6502C1F1B1400F0EB76 /* GoogleService-Info.plist */; };
		D9A3B6532C1F1BE800F0EB76 /* FirebaseClient.swift in Sources */ = {isa = PBXBuildFile; fileRef = D9A3B6522C1F1BE800F0EB76 /* FirebaseClient.swift */; };
		D9A3B65E2C1F202000F0EB76 /* SplashService.swift in Sources */ = {isa = PBXBuildFile; fileRef = D9A3B65D2C1F202000F0EB76 /* SplashService.swift */; };
		D9A3B6602C1F202900F0EB76 /* SplashUseCase.swift in Sources */ = {isa = PBXBuildFile; fileRef = D9A3B65F2C1F202900F0EB76 /* SplashUseCase.swift */; };
		D9A3B6622C1F203100F0EB76 /* SplashStore.swift in Sources */ = {isa = PBXBuildFile; fileRef = D9A3B6612C1F203100F0EB76 /* SplashStore.swift */; };
		D9B1A5062C228D1100E75854 /* SettingsNameTableViewCell.swift in Sources */ = {isa = PBXBuildFile; fileRef = D9B1A5052C228D1100E75854 /* SettingsNameTableViewCell.swift */; };
		D9B1A5092C22971900E75854 /* ProgressHUD in Frameworks */ = {isa = PBXBuildFile; productRef = D9B1A5082C22971900E75854 /* ProgressHUD */; };
		D9B1A50B2C22988800E75854 /* ProfileStatusViewController.swift in Sources */ = {isa = PBXBuildFile; fileRef = D9B1A50A2C22988700E75854 /* ProfileStatusViewController.swift */; };
		D9B1A50D2C2298B000E75854 /* ProfileStatusStore.swift in Sources */ = {isa = PBXBuildFile; fileRef = D9B1A50C2C2298B000E75854 /* ProfileStatusStore.swift */; };
		D9B1A50F2C22A4A800E75854 /* EditProfileBotCell.swift in Sources */ = {isa = PBXBuildFile; fileRef = D9B1A50E2C22A4A800E75854 /* EditProfileBotCell.swift */; };
		D9E7FE5B2C21548000ECD3C3 /* RecentsViewController.swift in Sources */ = {isa = PBXBuildFile; fileRef = D9E7FE5A2C21548000ECD3C3 /* RecentsViewController.swift */; };
		D9E7FE5E2C21587F00ECD3C3 /* RecentCell.swift in Sources */ = {isa = PBXBuildFile; fileRef = D9E7FE5D2C21587F00ECD3C3 /* RecentCell.swift */; };
		D9EC09E82C1FC522002A2742 /* FileStorage.swift in Sources */ = {isa = PBXBuildFile; fileRef = D9EC09E72C1FC522002A2742 /* FileStorage.swift */; };
		D9EC09EA2C1FC869002A2742 /* PersonsUseCase.swift in Sources */ = {isa = PBXBuildFile; fileRef = D9EC09E92C1FC869002A2742 /* PersonsUseCase.swift */; };
		D9EC09EC2C1FC87A002A2742 /* PersonsService.swift in Sources */ = {isa = PBXBuildFile; fileRef = D9EC09EB2C1FC87A002A2742 /* PersonsService.swift */; };
		D9EC09EE2C1FC887002A2742 /* PersonStrore.swift in Sources */ = {isa = PBXBuildFile; fileRef = D9EC09ED2C1FC887002A2742 /* PersonStrore.swift */; };
		D9EC09F02C1FCC16002A2742 /* EditProfileViewController.swift in Sources */ = {isa = PBXBuildFile; fileRef = D9EC09EF2C1FCC16002A2742 /* EditProfileViewController.swift */; };
		D9EC09F32C1FCC46002A2742 /* EditProfileStore.swift in Sources */ = {isa = PBXBuildFile; fileRef = D9EC09F22C1FCC46002A2742 /* EditProfileStore.swift */; };
		D9EC09F52C1FCDB8002A2742 /* PhotoTableViewCell.swift in Sources */ = {isa = PBXBuildFile; fileRef = D9EC09F42C1FCDB8002A2742 /* PhotoTableViewCell.swift */; };
		D9EC09F72C1FCF42002A2742 /* TextFieldTableViewCell.swift in Sources */ = {isa = PBXBuildFile; fileRef = D9EC09F62C1FCF42002A2742 /* TextFieldTableViewCell.swift */; };
		D9EC09F92C1FD70C002A2742 /* FightLoadView.swift in Sources */ = {isa = PBXBuildFile; fileRef = D9EC09F82C1FD70C002A2742 /* FightLoadView.swift */; };
/* End PBXBuildFile section */

/* Begin PBXFileReference section */
		AE2FA8972C16DD600094AAA1 /* EPICRPS.app */ = {isa = PBXFileReference; explicitFileType = wrapper.application; includeInIndex = 0; path = EPICRPS.app; sourceTree = BUILT_PRODUCTS_DIR; };
		AE2FA8A82C16DD610094AAA1 /* Info.plist */ = {isa = PBXFileReference; lastKnownFileType = text.plist.xml; path = Info.plist; sourceTree = "<group>"; };
		B993D6EC2C1E0C08007AF2C9 /* UIButton.swift */ = {isa = PBXFileReference; fileEncoding = 4; lastKnownFileType = sourcecode.swift; path = UIButton.swift; sourceTree = "<group>"; };
		B993D70C2C1E1231007AF2C9 /* Extension+SplashViewController.swift */ = {isa = PBXFileReference; fileEncoding = 4; lastKnownFileType = sourcecode.swift; path = "Extension+SplashViewController.swift"; sourceTree = "<group>"; };
		B993D70E2C1E1231007AF2C9 /* EllipticalGradientLayer.swift */ = {isa = PBXFileReference; fileEncoding = 4; lastKnownFileType = sourcecode.swift; path = EllipticalGradientLayer.swift; sourceTree = "<group>"; };
		B993D70F2C1E1231007AF2C9 /* EllipticalRadialGradientView.swift */ = {isa = PBXFileReference; fileEncoding = 4; lastKnownFileType = sourcecode.swift; path = EllipticalRadialGradientView.swift; sourceTree = "<group>"; };
		B993D7112C1E1231007AF2C9 /* FightResultView.swift */ = {isa = PBXFileReference; fileEncoding = 4; lastKnownFileType = sourcecode.swift; path = FightResultView.swift; sourceTree = "<group>"; };
		B993D7122C1E1231007AF2C9 /* FightResultViewController.swift */ = {isa = PBXFileReference; fileEncoding = 4; lastKnownFileType = sourcecode.swift; path = FightResultViewController.swift; sourceTree = "<group>"; };
		B993D7142C1E1231007AF2C9 /* FightLoadViewController.swift */ = {isa = PBXFileReference; fileEncoding = 4; lastKnownFileType = sourcecode.swift; path = FightLoadViewController.swift; sourceTree = "<group>"; };
		B993D7162C1E1231007AF2C9 /* PersonCell.swift */ = {isa = PBXFileReference; fileEncoding = 4; lastKnownFileType = sourcecode.swift; path = PersonCell.swift; sourceTree = "<group>"; };
		B993D7172C1E1231007AF2C9 /* PersonsViewController.swift */ = {isa = PBXFileReference; fileEncoding = 4; lastKnownFileType = sourcecode.swift; path = PersonsViewController.swift; sourceTree = "<group>"; };
		B993D7192C1E1231007AF2C9 /* ResultsCell.swift */ = {isa = PBXFileReference; fileEncoding = 4; lastKnownFileType = sourcecode.swift; path = ResultsCell.swift; sourceTree = "<group>"; };
		B993D71A2C1E1231007AF2C9 /* ResultsPersonHeader.swift */ = {isa = PBXFileReference; fileEncoding = 4; lastKnownFileType = sourcecode.swift; path = ResultsPersonHeader.swift; sourceTree = "<group>"; };
		B993D71B2C1E1231007AF2C9 /* ResultsService.swift */ = {isa = PBXFileReference; fileEncoding = 4; lastKnownFileType = sourcecode.swift; path = ResultsService.swift; sourceTree = "<group>"; };
		B993D71C2C1E1231007AF2C9 /* ResultsStore.swift */ = {isa = PBXFileReference; fileEncoding = 4; lastKnownFileType = sourcecode.swift; path = ResultsStore.swift; sourceTree = "<group>"; };
		B993D71D2C1E1231007AF2C9 /* ResultsUseCase.swift */ = {isa = PBXFileReference; fileEncoding = 4; lastKnownFileType = sourcecode.swift; path = ResultsUseCase.swift; sourceTree = "<group>"; };
		B993D71E2C1E1231007AF2C9 /* ResultsViewController.swift */ = {isa = PBXFileReference; fileEncoding = 4; lastKnownFileType = sourcecode.swift; path = ResultsViewController.swift; sourceTree = "<group>"; };
		B993D7202C1E1231007AF2C9 /* RoundService.swift */ = {isa = PBXFileReference; fileEncoding = 4; lastKnownFileType = sourcecode.swift; path = RoundService.swift; sourceTree = "<group>"; };
		B993D7212C1E1231007AF2C9 /* RoundStore.swift */ = {isa = PBXFileReference; fileEncoding = 4; lastKnownFileType = sourcecode.swift; path = RoundStore.swift; sourceTree = "<group>"; };
		B993D7222C1E1231007AF2C9 /* RoundUseCase.swift */ = {isa = PBXFileReference; fileEncoding = 4; lastKnownFileType = sourcecode.swift; path = RoundUseCase.swift; sourceTree = "<group>"; };
		B993D7232C1E1231007AF2C9 /* RoundView.swift */ = {isa = PBXFileReference; fileEncoding = 4; lastKnownFileType = sourcecode.swift; path = RoundView.swift; sourceTree = "<group>"; };
		B993D7242C1E1231007AF2C9 /* RoundViewController.swift */ = {isa = PBXFileReference; fileEncoding = 4; lastKnownFileType = sourcecode.swift; path = RoundViewController.swift; sourceTree = "<group>"; };
		B993D7262C1E1231007AF2C9 /* RulesViewController.swift */ = {isa = PBXFileReference; fileEncoding = 4; lastKnownFileType = sourcecode.swift; path = RulesViewController.swift; sourceTree = "<group>"; };
		B993D7282C1E1231007AF2C9 /* SettingCellVeiw.swift */ = {isa = PBXFileReference; fileEncoding = 4; lastKnownFileType = sourcecode.swift; path = SettingCellVeiw.swift; sourceTree = "<group>"; };
		B993D7292C1E1231007AF2C9 /* SettingsService.swift */ = {isa = PBXFileReference; fileEncoding = 4; lastKnownFileType = sourcecode.swift; path = SettingsService.swift; sourceTree = "<group>"; };
		B993D72A2C1E1231007AF2C9 /* SettingsStore.swift */ = {isa = PBXFileReference; fileEncoding = 4; lastKnownFileType = sourcecode.swift; path = SettingsStore.swift; sourceTree = "<group>"; };
		B993D72B2C1E1231007AF2C9 /* SettingsUseCase.swift */ = {isa = PBXFileReference; fileEncoding = 4; lastKnownFileType = sourcecode.swift; path = SettingsUseCase.swift; sourceTree = "<group>"; };
		B993D72C2C1E1231007AF2C9 /* SettingsViewController.swift */ = {isa = PBXFileReference; fileEncoding = 4; lastKnownFileType = sourcecode.swift; path = SettingsViewController.swift; sourceTree = "<group>"; };
		B993D72E2C1E1231007AF2C9 /* SplashViewController.swift */ = {isa = PBXFileReference; fileEncoding = 4; lastKnownFileType = sourcecode.swift; path = SplashViewController.swift; sourceTree = "<group>"; };
		B993D7302C1E1231007AF2C9 /* SplashView.swift */ = {isa = PBXFileReference; fileEncoding = 4; lastKnownFileType = sourcecode.swift; path = SplashView.swift; sourceTree = "<group>"; };
		B993D7332C1E1231007AF2C9 /* NameViewController.swift */ = {isa = PBXFileReference; fileEncoding = 4; lastKnownFileType = sourcecode.swift; path = NameViewController.swift; sourceTree = "<group>"; };
		B993D7342C1E1231007AF2C9 /* PopupView.swift */ = {isa = PBXFileReference; fileEncoding = 4; lastKnownFileType = sourcecode.swift; path = PopupView.swift; sourceTree = "<group>"; };
		B993D7352C1E1231007AF2C9 /* PopupViewController.swift */ = {isa = PBXFileReference; fileEncoding = 4; lastKnownFileType = sourcecode.swift; path = PopupViewController.swift; sourceTree = "<group>"; };
		B993D7362C1E1231007AF2C9 /* TripButton.swift */ = {isa = PBXFileReference; fileEncoding = 4; lastKnownFileType = sourcecode.swift; path = TripButton.swift; sourceTree = "<group>"; };
		B993D7382C1E1231007AF2C9 /* Person.swift */ = {isa = PBXFileReference; fileEncoding = 4; lastKnownFileType = sourcecode.swift; path = Person.swift; sourceTree = "<group>"; };
		B993D7392C1E1231007AF2C9 /* Recent.swift */ = {isa = PBXFileReference; fileEncoding = 4; lastKnownFileType = sourcecode.swift; path = Recent.swift; sourceTree = "<group>"; };
		B993D75E2C1E125E007AF2C9 /* AppDelegate.swift */ = {isa = PBXFileReference; fileEncoding = 4; lastKnownFileType = sourcecode.swift; path = AppDelegate.swift; sourceTree = "<group>"; };
		B993D75F2C1E125E007AF2C9 /* SceneDelegate.swift */ = {isa = PBXFileReference; fileEncoding = 4; lastKnownFileType = sourcecode.swift; path = SceneDelegate.swift; sourceTree = "<group>"; };
		B993D7632C1E1276007AF2C9 /* LocalService.swift */ = {isa = PBXFileReference; fileEncoding = 4; lastKnownFileType = sourcecode.swift; path = LocalService.swift; sourceTree = "<group>"; };
		B993D7662C1E12C0007AF2C9 /* AppFont.swift */ = {isa = PBXFileReference; fileEncoding = 4; lastKnownFileType = sourcecode.swift; path = AppFont.swift; sourceTree = "<group>"; };
		B993D7672C1E12C0007AF2C9 /* Rubik-Bold.ttf */ = {isa = PBXFileReference; lastKnownFileType = file; path = "Rubik-Bold.ttf"; sourceTree = "<group>"; };
		B993D7682C1E12C0007AF2C9 /* Rubik-Medium.ttf */ = {isa = PBXFileReference; lastKnownFileType = file; path = "Rubik-Medium.ttf"; sourceTree = "<group>"; };
		B993D7692C1E12C0007AF2C9 /* Rubik-Regular.ttf */ = {isa = PBXFileReference; lastKnownFileType = file; path = "Rubik-Regular.ttf"; sourceTree = "<group>"; };
		B993D76B2C1E12C0007AF2C9 /* Assets.xcassets */ = {isa = PBXFileReference; lastKnownFileType = folder.assetcatalog; path = Assets.xcassets; sourceTree = "<group>"; };
		B993D76C2C1E12C0007AF2C9 /* Base */ = {isa = PBXFileReference; lastKnownFileType = file.storyboard; name = Base; path = Base.lproj/LaunchScreen.storyboard; sourceTree = "<group>"; };
		B993D76E2C1E12C0007AF2C9 /* Store.swift */ = {isa = PBXFileReference; fileEncoding = 4; lastKnownFileType = sourcecode.swift; path = Store.swift; sourceTree = "<group>"; };
		B993D7772C1E3655007AF2C9 /* TimerManager.swift */ = {isa = PBXFileReference; lastKnownFileType = sourcecode.swift; path = TimerManager.swift; sourceTree = "<group>"; };
		D9330E502C209AAD005FF222 /* RoundBackgroundView.swift */ = {isa = PBXFileReference; lastKnownFileType = sourcecode.swift; path = RoundBackgroundView.swift; sourceTree = "<group>"; };
		D9A3B63F2C1EBB2E00F0EB76 /* background.mp3 */ = {isa = PBXFileReference; lastKnownFileType = audio.mp3; path = background.mp3; sourceTree = "<group>"; };
		D9A3B6432C1EE11C00F0EB76 /* ResultSectionHeader.swift */ = {isa = PBXFileReference; lastKnownFileType = sourcecode.swift; path = ResultSectionHeader.swift; sourceTree = "<group>"; };
		D9A3B6452C1F099100F0EB76 /* button.mp3 */ = {isa = PBXFileReference; lastKnownFileType = audio.mp3; path = button.mp3; sourceTree = "<group>"; };
		D9A3B6502C1F1B1400F0EB76 /* GoogleService-Info.plist */ = {isa = PBXFileReference; fileEncoding = 4; lastKnownFileType = text.plist.xml; path = "GoogleService-Info.plist"; sourceTree = "<group>"; };
		D9A3B6522C1F1BE800F0EB76 /* FirebaseClient.swift */ = {isa = PBXFileReference; lastKnownFileType = sourcecode.swift; path = FirebaseClient.swift; sourceTree = "<group>"; };
		D9A3B65D2C1F202000F0EB76 /* SplashService.swift */ = {isa = PBXFileReference; lastKnownFileType = sourcecode.swift; path = SplashService.swift; sourceTree = "<group>"; };
		D9A3B65F2C1F202900F0EB76 /* SplashUseCase.swift */ = {isa = PBXFileReference; lastKnownFileType = sourcecode.swift; path = SplashUseCase.swift; sourceTree = "<group>"; };
		D9A3B6612C1F203100F0EB76 /* SplashStore.swift */ = {isa = PBXFileReference; lastKnownFileType = sourcecode.swift; path = SplashStore.swift; sourceTree = "<group>"; };
		D9B1A5052C228D1100E75854 /* SettingsNameTableViewCell.swift */ = {isa = PBXFileReference; lastKnownFileType = sourcecode.swift; path = SettingsNameTableViewCell.swift; sourceTree = "<group>"; };
		D9B1A50A2C22988700E75854 /* ProfileStatusViewController.swift */ = {isa = PBXFileReference; lastKnownFileType = sourcecode.swift; path = ProfileStatusViewController.swift; sourceTree = "<group>"; };
		D9B1A50C2C2298B000E75854 /* ProfileStatusStore.swift */ = {isa = PBXFileReference; lastKnownFileType = sourcecode.swift; path = ProfileStatusStore.swift; sourceTree = "<group>"; };
		D9B1A50E2C22A4A800E75854 /* EditProfileBotCell.swift */ = {isa = PBXFileReference; lastKnownFileType = sourcecode.swift; path = EditProfileBotCell.swift; sourceTree = "<group>"; };
		D9E7FE5A2C21548000ECD3C3 /* RecentsViewController.swift */ = {isa = PBXFileReference; lastKnownFileType = sourcecode.swift; path = RecentsViewController.swift; sourceTree = "<group>"; };
		D9E7FE5D2C21587F00ECD3C3 /* RecentCell.swift */ = {isa = PBXFileReference; lastKnownFileType = sourcecode.swift; path = RecentCell.swift; sourceTree = "<group>"; };
		D9EC09E72C1FC522002A2742 /* FileStorage.swift */ = {isa = PBXFileReference; lastKnownFileType = sourcecode.swift; path = FileStorage.swift; sourceTree = "<group>"; };
		D9EC09E92C1FC869002A2742 /* PersonsUseCase.swift */ = {isa = PBXFileReference; lastKnownFileType = sourcecode.swift; path = PersonsUseCase.swift; sourceTree = "<group>"; };
		D9EC09EB2C1FC87A002A2742 /* PersonsService.swift */ = {isa = PBXFileReference; lastKnownFileType = sourcecode.swift; path = PersonsService.swift; sourceTree = "<group>"; };
		D9EC09ED2C1FC887002A2742 /* PersonStrore.swift */ = {isa = PBXFileReference; lastKnownFileType = sourcecode.swift; path = PersonStrore.swift; sourceTree = "<group>"; };
		D9EC09EF2C1FCC16002A2742 /* EditProfileViewController.swift */ = {isa = PBXFileReference; lastKnownFileType = sourcecode.swift; path = EditProfileViewController.swift; sourceTree = "<group>"; };
		D9EC09F22C1FCC46002A2742 /* EditProfileStore.swift */ = {isa = PBXFileReference; lastKnownFileType = sourcecode.swift; path = EditProfileStore.swift; sourceTree = "<group>"; };
		D9EC09F42C1FCDB8002A2742 /* PhotoTableViewCell.swift */ = {isa = PBXFileReference; lastKnownFileType = sourcecode.swift; path = PhotoTableViewCell.swift; sourceTree = "<group>"; };
		D9EC09F62C1FCF42002A2742 /* TextFieldTableViewCell.swift */ = {isa = PBXFileReference; lastKnownFileType = sourcecode.swift; path = TextFieldTableViewCell.swift; sourceTree = "<group>"; };
		D9EC09F82C1FD70C002A2742 /* FightLoadView.swift */ = {isa = PBXFileReference; lastKnownFileType = sourcecode.swift; path = FightLoadView.swift; sourceTree = "<group>"; };
/* End PBXFileReference section */

/* Begin PBXFrameworksBuildPhase section */
		AE2FA8942C16DD600094AAA1 /* Frameworks */ = {
			isa = PBXFrameworksBuildPhase;
			buildActionMask = 2147483647;
			files = (
				D9B1A5092C22971900E75854 /* ProgressHUD in Frameworks */,
				D9A3B6492C1F1A9300F0EB76 /* FirebaseAuth in Frameworks */,
				D9A3B64F2C1F1A9300F0EB76 /* FirebaseStorage in Frameworks */,
				D9A3B64B2C1F1A9300F0EB76 /* FirebaseFirestore in Frameworks */,
				D9A3B64D2C1F1A9300F0EB76 /* FirebaseFirestoreSwift in Frameworks */,
			);
			runOnlyForDeploymentPostprocessing = 0;
		};
/* End PBXFrameworksBuildPhase section */

/* Begin PBXGroup section */
		AE2FA88E2C16DD600094AAA1 = {
			isa = PBXGroup;
			children = (
				AE2FA8992C16DD600094AAA1 /* EPICRPS */,
				AE2FA8982C16DD600094AAA1 /* Products */,
			);
			sourceTree = "<group>";
		};
		AE2FA8982C16DD600094AAA1 /* Products */ = {
			isa = PBXGroup;
			children = (
				AE2FA8972C16DD600094AAA1 /* EPICRPS.app */,
			);
			name = Products;
			sourceTree = "<group>";
		};
		AE2FA8992C16DD600094AAA1 /* EPICRPS */ = {
			isa = PBXGroup;
			children = (
				B993D7602C1E125E007AF2C9 /* App */,
				B993D76F2C1E12C0007AF2C9 /* Resources */,
				B993D7642C1E1276007AF2C9 /* Services */,
				B993D6ED2C1E0C08007AF2C9 /* Extension UIKit */,
				B993D73B2C1E1231007AF2C9 /* Models */,
				B993D7372C1E1231007AF2C9 /* Modules */,
				D9A3B6502C1F1B1400F0EB76 /* GoogleService-Info.plist */,
				AE2FA8A82C16DD610094AAA1 /* Info.plist */,
			);
			path = EPICRPS;
			sourceTree = "<group>";
		};
		B993D6ED2C1E0C08007AF2C9 /* Extension UIKit */ = {
			isa = PBXGroup;
			children = (
				B993D6EC2C1E0C08007AF2C9 /* UIButton.swift */,
			);
			name = "Extension UIKit";
			path = Extensions;
			sourceTree = "<group>";
		};
		B993D70D2C1E1231007AF2C9 /* Extension+SplashViewController */ = {
			isa = PBXGroup;
			children = (
				B993D70C2C1E1231007AF2C9 /* Extension+SplashViewController.swift */,
			);
			path = "Extension+SplashViewController";
			sourceTree = "<group>";
		};
		B993D7102C1E1231007AF2C9 /* GradientView */ = {
			isa = PBXGroup;
			children = (
				B993D70E2C1E1231007AF2C9 /* EllipticalGradientLayer.swift */,
				B993D70F2C1E1231007AF2C9 /* EllipticalRadialGradientView.swift */,
			);
			path = GradientView;
			sourceTree = "<group>";
		};
		B993D7132C1E1231007AF2C9 /* FightResult */ = {
			isa = PBXGroup;
			children = (
				B993D7102C1E1231007AF2C9 /* GradientView */,
				B993D7112C1E1231007AF2C9 /* FightResultView.swift */,
				B993D7122C1E1231007AF2C9 /* FightResultViewController.swift */,
			);
			path = FightResult;
			sourceTree = "<group>";
		};
		B993D7152C1E1231007AF2C9 /* FirgtLoad */ = {
			isa = PBXGroup;
			children = (
				B993D7142C1E1231007AF2C9 /* FightLoadViewController.swift */,
				D9EC09F82C1FD70C002A2742 /* FightLoadView.swift */,
			);
			path = FirgtLoad;
			sourceTree = "<group>";
		};
		B993D7182C1E1231007AF2C9 /* PersonsList */ = {
			isa = PBXGroup;
			children = (
				B993D7162C1E1231007AF2C9 /* PersonCell.swift */,
				B993D7172C1E1231007AF2C9 /* PersonsViewController.swift */,
				D9EC09E92C1FC869002A2742 /* PersonsUseCase.swift */,
				D9EC09EB2C1FC87A002A2742 /* PersonsService.swift */,
				D9EC09ED2C1FC887002A2742 /* PersonStrore.swift */,
			);
			path = PersonsList;
			sourceTree = "<group>";
		};
		B993D71F2C1E1231007AF2C9 /* Results */ = {
			isa = PBXGroup;
			children = (
				B993D7192C1E1231007AF2C9 /* ResultsCell.swift */,
				B993D71A2C1E1231007AF2C9 /* ResultsPersonHeader.swift */,
				D9A3B6432C1EE11C00F0EB76 /* ResultSectionHeader.swift */,
				B993D71B2C1E1231007AF2C9 /* ResultsService.swift */,
				B993D71C2C1E1231007AF2C9 /* ResultsStore.swift */,
				B993D71D2C1E1231007AF2C9 /* ResultsUseCase.swift */,
				B993D71E2C1E1231007AF2C9 /* ResultsViewController.swift */,
			);
			path = Results;
			sourceTree = "<group>";
		};
		B993D7252C1E1231007AF2C9 /* Round */ = {
			isa = PBXGroup;
			children = (
				B993D7202C1E1231007AF2C9 /* RoundService.swift */,
				B993D7212C1E1231007AF2C9 /* RoundStore.swift */,
				B993D7222C1E1231007AF2C9 /* RoundUseCase.swift */,
				B993D7232C1E1231007AF2C9 /* RoundView.swift */,
				D9330E502C209AAD005FF222 /* RoundBackgroundView.swift */,
				B993D7242C1E1231007AF2C9 /* RoundViewController.swift */,
			);
			path = Round;
			sourceTree = "<group>";
		};
		B993D7272C1E1231007AF2C9 /* Rules */ = {
			isa = PBXGroup;
			children = (
				B993D7262C1E1231007AF2C9 /* RulesViewController.swift */,
			);
			path = Rules;
			sourceTree = "<group>";
		};
		B993D72D2C1E1231007AF2C9 /* Settings */ = {
			isa = PBXGroup;
			children = (
				B993D7282C1E1231007AF2C9 /* SettingCellVeiw.swift */,
				B993D7292C1E1231007AF2C9 /* SettingsService.swift */,
				B993D72A2C1E1231007AF2C9 /* SettingsStore.swift */,
				B993D72B2C1E1231007AF2C9 /* SettingsUseCase.swift */,
				B993D72C2C1E1231007AF2C9 /* SettingsViewController.swift */,
				D9B1A5052C228D1100E75854 /* SettingsNameTableViewCell.swift */,
			);
			path = Settings;
			sourceTree = "<group>";
		};
		B993D72F2C1E1231007AF2C9 /* Splash */ = {
			isa = PBXGroup;
			children = (
				B993D72E2C1E1231007AF2C9 /* SplashViewController.swift */,
				D9A3B65D2C1F202000F0EB76 /* SplashService.swift */,
				D9A3B65F2C1F202900F0EB76 /* SplashUseCase.swift */,
				D9A3B6612C1F203100F0EB76 /* SplashStore.swift */,
			);
			path = Splash;
			sourceTree = "<group>";
		};
		B993D7312C1E1231007AF2C9 /* SplashView */ = {
			isa = PBXGroup;
			children = (
				B993D7302C1E1231007AF2C9 /* SplashView.swift */,
			);
			path = SplashView;
			sourceTree = "<group>";
		};
		B993D7322C1E1231007AF2C9 /* View */ = {
			isa = PBXGroup;
			children = (
				B993D7312C1E1231007AF2C9 /* SplashView */,
			);
			path = View;
			sourceTree = "<group>";
		};
		B993D7372C1E1231007AF2C9 /* Modules */ = {
			isa = PBXGroup;
			children = (
				B993D72F2C1E1231007AF2C9 /* Splash */,
				B993D7152C1E1231007AF2C9 /* FirgtLoad */,
				B993D7252C1E1231007AF2C9 /* Round */,
				B993D7132C1E1231007AF2C9 /* FightResult */,
				B993D7182C1E1231007AF2C9 /* PersonsList */,
				B993D71F2C1E1231007AF2C9 /* Results */,
				B993D7272C1E1231007AF2C9 /* Rules */,
				B993D72D2C1E1231007AF2C9 /* Settings */,
				B993D7322C1E1231007AF2C9 /* View */,
				B993D70D2C1E1231007AF2C9 /* Extension+SplashViewController */,
				B993D7332C1E1231007AF2C9 /* NameViewController.swift */,
				D9EC09F12C1FCC22002A2742 /* EditProfile */,
				B993D7342C1E1231007AF2C9 /* PopupView.swift */,
				B993D7352C1E1231007AF2C9 /* PopupViewController.swift */,
				B993D7362C1E1231007AF2C9 /* TripButton.swift */,
				D9E7FE5C2C21585700ECD3C3 /* Recents */,
				D9B1A50A2C22988700E75854 /* ProfileStatusViewController.swift */,
				D9B1A50C2C2298B000E75854 /* ProfileStatusStore.swift */,
			);
			path = Modules;
			sourceTree = "<group>";
		};
		B993D73B2C1E1231007AF2C9 /* Models */ = {
			isa = PBXGroup;
			children = (
				B993D7382C1E1231007AF2C9 /* Person.swift */,
				B993D7392C1E1231007AF2C9 /* Recent.swift */,
			);
			path = Models;
			sourceTree = "<group>";
		};
		B993D7602C1E125E007AF2C9 /* App */ = {
			isa = PBXGroup;
			children = (
				B993D75E2C1E125E007AF2C9 /* AppDelegate.swift */,
				B993D75F2C1E125E007AF2C9 /* SceneDelegate.swift */,
			);
			path = App;
			sourceTree = "<group>";
		};
		B993D7642C1E1276007AF2C9 /* Services */ = {
			isa = PBXGroup;
			children = (
				B993D7632C1E1276007AF2C9 /* LocalService.swift */,
				D9A3B6522C1F1BE800F0EB76 /* FirebaseClient.swift */,
				B993D7772C1E3655007AF2C9 /* TimerManager.swift */,
			);
			path = Services;
			sourceTree = "<group>";
		};
		B993D76A2C1E12C0007AF2C9 /* Fonts */ = {
			isa = PBXGroup;
			children = (
				B993D7662C1E12C0007AF2C9 /* AppFont.swift */,
				B993D7672C1E12C0007AF2C9 /* Rubik-Bold.ttf */,
				B993D7682C1E12C0007AF2C9 /* Rubik-Medium.ttf */,
				B993D7692C1E12C0007AF2C9 /* Rubik-Regular.ttf */,
			);
			path = Fonts;
			sourceTree = "<group>";
		};
		B993D76F2C1E12C0007AF2C9 /* Resources */ = {
			isa = PBXGroup;
			children = (
				B993D76A2C1E12C0007AF2C9 /* Fonts */,
				D9EC09FA2C1FEA64002A2742 /* Sounds */,
				B993D76B2C1E12C0007AF2C9 /* Assets.xcassets */,
				B993D76D2C1E12C0007AF2C9 /* LaunchScreen.storyboard */,
				B993D76E2C1E12C0007AF2C9 /* Store.swift */,
				D9EC09E72C1FC522002A2742 /* FileStorage.swift */,
			);
			path = Resources;
			sourceTree = "<group>";
		};
		D9E7FE5C2C21585700ECD3C3 /* Recents */ = {
			isa = PBXGroup;
			children = (
				D9E7FE5A2C21548000ECD3C3 /* RecentsViewController.swift */,
				D9E7FE5D2C21587F00ECD3C3 /* RecentCell.swift */,
			);
			path = Recents;
			sourceTree = "<group>";
		};
		D9EC09F12C1FCC22002A2742 /* EditProfile */ = {
			isa = PBXGroup;
			children = (
				D9EC09EF2C1FCC16002A2742 /* EditProfileViewController.swift */,
				D9EC09F22C1FCC46002A2742 /* EditProfileStore.swift */,
				D9EC09F42C1FCDB8002A2742 /* PhotoTableViewCell.swift */,
				D9EC09F62C1FCF42002A2742 /* TextFieldTableViewCell.swift */,
				D9B1A50E2C22A4A800E75854 /* EditProfileBotCell.swift */,
			);
			path = EditProfile;
			sourceTree = "<group>";
		};
		D9EC09FA2C1FEA64002A2742 /* Sounds */ = {
			isa = PBXGroup;
			children = (
				D9A3B63F2C1EBB2E00F0EB76 /* background.mp3 */,
				D9A3B6452C1F099100F0EB76 /* button.mp3 */,
			);
			path = Sounds;
			sourceTree = "<group>";
		};
/* End PBXGroup section */

/* Begin PBXNativeTarget section */
		AE2FA8962C16DD600094AAA1 /* EPICRPS */ = {
			isa = PBXNativeTarget;
			buildConfigurationList = AE2FA8AB2C16DD610094AAA1 /* Build configuration list for PBXNativeTarget "EPICRPS" */;
			buildPhases = (
				AE2FA8932C16DD600094AAA1 /* Sources */,
				AE2FA8942C16DD600094AAA1 /* Frameworks */,
				AE2FA8952C16DD600094AAA1 /* Resources */,
			);
			buildRules = (
			);
			dependencies = (
			);
			name = EPICRPS;
			packageProductDependencies = (
				D9A3B6482C1F1A9300F0EB76 /* FirebaseAuth */,
				D9A3B64A2C1F1A9300F0EB76 /* FirebaseFirestore */,
				D9A3B64C2C1F1A9300F0EB76 /* FirebaseFirestoreSwift */,
				D9A3B64E2C1F1A9300F0EB76 /* FirebaseStorage */,
				D9B1A5082C22971900E75854 /* ProgressHUD */,
			);
			productName = EPICRPS;
			productReference = AE2FA8972C16DD600094AAA1 /* EPICRPS.app */;
			productType = "com.apple.product-type.application";
		};
/* End PBXNativeTarget section */

/* Begin PBXProject section */
		AE2FA88F2C16DD600094AAA1 /* Project object */ = {
			isa = PBXProject;
			attributes = {
				BuildIndependentTargetsInParallel = 1;
				LastSwiftUpdateCheck = 1540;
				LastUpgradeCheck = 1540;
				TargetAttributes = {
					AE2FA8962C16DD600094AAA1 = {
						CreatedOnToolsVersion = 15.4;
					};
				};
			};
			buildConfigurationList = AE2FA8922C16DD600094AAA1 /* Build configuration list for PBXProject "EPICRPS" */;
			compatibilityVersion = "Xcode 14.0";
			developmentRegion = en;
			hasScannedForEncodings = 0;
			knownRegions = (
				en,
				Base,
			);
			mainGroup = AE2FA88E2C16DD600094AAA1;
			packageReferences = (
				D9A3B6472C1F1A9300F0EB76 /* XCRemoteSwiftPackageReference "firebase-ios-sdk" */,
				D9B1A5072C22971900E75854 /* XCRemoteSwiftPackageReference "ProgressHUD" */,
			);
			productRefGroup = AE2FA8982C16DD600094AAA1 /* Products */;
			projectDirPath = "";
			projectRoot = "";
			targets = (
				AE2FA8962C16DD600094AAA1 /* EPICRPS */,
			);
		};
/* End PBXProject section */

/* Begin PBXResourcesBuildPhase section */
		AE2FA8952C16DD600094AAA1 /* Resources */ = {
			isa = PBXResourcesBuildPhase;
			buildActionMask = 2147483647;
			files = (
				B993D7712C1E12C0007AF2C9 /* Rubik-Bold.ttf in Resources */,
				D9A3B6512C1F1B1400F0EB76 /* GoogleService-Info.plist in Resources */,
				B993D7732C1E12C0007AF2C9 /* Rubik-Regular.ttf in Resources */,
				B993D7742C1E12C0007AF2C9 /* Assets.xcassets in Resources */,
				B993D7752C1E12C0007AF2C9 /* LaunchScreen.storyboard in Resources */,
				D9A3B6402C1EBB2E00F0EB76 /* background.mp3 in Resources */,
				B993D7722C1E12C0007AF2C9 /* Rubik-Medium.ttf in Resources */,
				D9A3B6462C1F099100F0EB76 /* button.mp3 in Resources */,
			);
			runOnlyForDeploymentPostprocessing = 0;
		};
/* End PBXResourcesBuildPhase section */

/* Begin PBXSourcesBuildPhase section */
		AE2FA8932C16DD600094AAA1 /* Sources */ = {
			isa = PBXSourcesBuildPhase;
			buildActionMask = 2147483647;
			files = (
				B993D7582C1E1231007AF2C9 /* PopupView.swift in Sources */,
				B993D73D2C1E1231007AF2C9 /* EllipticalGradientLayer.swift in Sources */,
				B993D74E2C1E1231007AF2C9 /* RoundViewController.swift in Sources */,
				B993D7532C1E1231007AF2C9 /* SettingsUseCase.swift in Sources */,
				D9A3B65E2C1F202000F0EB76 /* SplashService.swift in Sources */,
				B993D74D2C1E1231007AF2C9 /* RoundView.swift in Sources */,
				D9A3B6602C1F202900F0EB76 /* SplashUseCase.swift in Sources */,
				D9EC09EE2C1FC887002A2742 /* PersonStrore.swift in Sources */,
				B993D7482C1E1231007AF2C9 /* ResultsUseCase.swift in Sources */,
				B993D75B2C1E1231007AF2C9 /* Person.swift in Sources */,
				D9EC09F32C1FCC46002A2742 /* EditProfileStore.swift in Sources */,
				B993D7782C1E3655007AF2C9 /* TimerManager.swift in Sources */,
				D9EC09EC2C1FC87A002A2742 /* PersonsService.swift in Sources */,
				B993D7412C1E1231007AF2C9 /* FightLoadViewController.swift in Sources */,
				D9EC09E82C1FC522002A2742 /* FileStorage.swift in Sources */,
				B993D7432C1E1231007AF2C9 /* PersonsViewController.swift in Sources */,
				D9330E512C209AAD005FF222 /* RoundBackgroundView.swift in Sources */,
				B993D7492C1E1231007AF2C9 /* ResultsViewController.swift in Sources */,
				D9A3B6532C1F1BE800F0EB76 /* FirebaseClient.swift in Sources */,
				B993D7552C1E1231007AF2C9 /* SplashViewController.swift in Sources */,
				B993D7612C1E125E007AF2C9 /* AppDelegate.swift in Sources */,
				D9B1A50D2C2298B000E75854 /* ProfileStatusStore.swift in Sources */,
				B993D7512C1E1231007AF2C9 /* SettingsService.swift in Sources */,
				D9B1A50B2C22988800E75854 /* ProfileStatusViewController.swift in Sources */,
				D9E7FE5E2C21587F00ECD3C3 /* RecentCell.swift in Sources */,
				B993D7702C1E12C0007AF2C9 /* AppFont.swift in Sources */,
				B993D7562C1E1231007AF2C9 /* SplashView.swift in Sources */,
				B993D74C2C1E1231007AF2C9 /* RoundUseCase.swift in Sources */,
				D9E7FE5B2C21548000ECD3C3 /* RecentsViewController.swift in Sources */,
				B993D6EE2C1E0C08007AF2C9 /* UIButton.swift in Sources */,
				D9EC09F92C1FD70C002A2742 /* FightLoadView.swift in Sources */,
				B993D73E2C1E1231007AF2C9 /* EllipticalRadialGradientView.swift in Sources */,
				D9EC09F72C1FCF42002A2742 /* TextFieldTableViewCell.swift in Sources */,
				B993D74B2C1E1231007AF2C9 /* RoundStore.swift in Sources */,
				B993D7462C1E1231007AF2C9 /* ResultsService.swift in Sources */,
				D9B1A5062C228D1100E75854 /* SettingsNameTableViewCell.swift in Sources */,
				B993D7402C1E1231007AF2C9 /* FightResultViewController.swift in Sources */,
				B993D7592C1E1231007AF2C9 /* PopupViewController.swift in Sources */,
				D9EC09EA2C1FC869002A2742 /* PersonsUseCase.swift in Sources */,
				B993D73F2C1E1231007AF2C9 /* FightResultView.swift in Sources */,
				D9B1A50F2C22A4A800E75854 /* EditProfileBotCell.swift in Sources */,
				D9A3B6442C1EE11C00F0EB76 /* ResultSectionHeader.swift in Sources */,
				B993D75C2C1E1231007AF2C9 /* Recent.swift in Sources */,
				B993D7572C1E1231007AF2C9 /* NameViewController.swift in Sources */,
				B993D7652C1E1276007AF2C9 /* LocalService.swift in Sources */,
				D9EC09F52C1FCDB8002A2742 /* PhotoTableViewCell.swift in Sources */,
				B993D7422C1E1231007AF2C9 /* PersonCell.swift in Sources */,
				B993D73C2C1E1231007AF2C9 /* Extension+SplashViewController.swift in Sources */,
				D9A3B6622C1F203100F0EB76 /* SplashStore.swift in Sources */,
				B993D74A2C1E1231007AF2C9 /* RoundService.swift in Sources */,
				B993D7472C1E1231007AF2C9 /* ResultsStore.swift in Sources */,
				B993D7442C1E1231007AF2C9 /* ResultsCell.swift in Sources */,
				B993D7542C1E1231007AF2C9 /* SettingsViewController.swift in Sources */,
				B993D7522C1E1231007AF2C9 /* SettingsStore.swift in Sources */,
				B993D7452C1E1231007AF2C9 /* ResultsPersonHeader.swift in Sources */,
				B993D7762C1E12C0007AF2C9 /* Store.swift in Sources */,
				B993D74F2C1E1231007AF2C9 /* RulesViewController.swift in Sources */,
				B993D7622C1E125E007AF2C9 /* SceneDelegate.swift in Sources */,
				B993D7502C1E1231007AF2C9 /* SettingCellVeiw.swift in Sources */,
				D9EC09F02C1FCC16002A2742 /* EditProfileViewController.swift in Sources */,
				B993D75A2C1E1231007AF2C9 /* TripButton.swift in Sources */,
			);
			runOnlyForDeploymentPostprocessing = 0;
		};
/* End PBXSourcesBuildPhase section */

/* Begin PBXVariantGroup section */
		B993D76D2C1E12C0007AF2C9 /* LaunchScreen.storyboard */ = {
			isa = PBXVariantGroup;
			children = (
				B993D76C2C1E12C0007AF2C9 /* Base */,
			);
			name = LaunchScreen.storyboard;
			sourceTree = "<group>";
		};
/* End PBXVariantGroup section */

/* Begin XCBuildConfiguration section */
		AE2FA8A92C16DD610094AAA1 /* Debug */ = {
			isa = XCBuildConfiguration;
			buildSettings = {
				ALWAYS_SEARCH_USER_PATHS = NO;
				ASSETCATALOG_COMPILER_GENERATE_SWIFT_ASSET_SYMBOL_EXTENSIONS = YES;
				CLANG_ANALYZER_NONNULL = YES;
				CLANG_ANALYZER_NUMBER_OBJECT_CONVERSION = YES_AGGRESSIVE;
				CLANG_CXX_LANGUAGE_STANDARD = "gnu++20";
				CLANG_ENABLE_MODULES = YES;
				CLANG_ENABLE_OBJC_ARC = YES;
				CLANG_ENABLE_OBJC_WEAK = YES;
				CLANG_WARN_BLOCK_CAPTURE_AUTORELEASING = YES;
				CLANG_WARN_BOOL_CONVERSION = YES;
				CLANG_WARN_COMMA = YES;
				CLANG_WARN_CONSTANT_CONVERSION = YES;
				CLANG_WARN_DEPRECATED_OBJC_IMPLEMENTATIONS = YES;
				CLANG_WARN_DIRECT_OBJC_ISA_USAGE = YES_ERROR;
				CLANG_WARN_DOCUMENTATION_COMMENTS = YES;
				CLANG_WARN_EMPTY_BODY = YES;
				CLANG_WARN_ENUM_CONVERSION = YES;
				CLANG_WARN_INFINITE_RECURSION = YES;
				CLANG_WARN_INT_CONVERSION = YES;
				CLANG_WARN_NON_LITERAL_NULL_CONVERSION = YES;
				CLANG_WARN_OBJC_IMPLICIT_RETAIN_SELF = YES;
				CLANG_WARN_OBJC_LITERAL_CONVERSION = YES;
				CLANG_WARN_OBJC_ROOT_CLASS = YES_ERROR;
				CLANG_WARN_QUOTED_INCLUDE_IN_FRAMEWORK_HEADER = YES;
				CLANG_WARN_RANGE_LOOP_ANALYSIS = YES;
				CLANG_WARN_STRICT_PROTOTYPES = YES;
				CLANG_WARN_SUSPICIOUS_MOVE = YES;
				CLANG_WARN_UNGUARDED_AVAILABILITY = YES_AGGRESSIVE;
				CLANG_WARN_UNREACHABLE_CODE = YES;
				CLANG_WARN__DUPLICATE_METHOD_MATCH = YES;
				COPY_PHASE_STRIP = NO;
				DEBUG_INFORMATION_FORMAT = dwarf;
				ENABLE_STRICT_OBJC_MSGSEND = YES;
				ENABLE_TESTABILITY = YES;
				ENABLE_USER_SCRIPT_SANDBOXING = YES;
				GCC_C_LANGUAGE_STANDARD = gnu17;
				GCC_DYNAMIC_NO_PIC = NO;
				GCC_NO_COMMON_BLOCKS = YES;
				GCC_OPTIMIZATION_LEVEL = 0;
				GCC_PREPROCESSOR_DEFINITIONS = (
					"DEBUG=1",
					"$(inherited)",
				);
				GCC_WARN_64_TO_32_BIT_CONVERSION = YES;
				GCC_WARN_ABOUT_RETURN_TYPE = YES_ERROR;
				GCC_WARN_UNDECLARED_SELECTOR = YES;
				GCC_WARN_UNINITIALIZED_AUTOS = YES_AGGRESSIVE;
				GCC_WARN_UNUSED_FUNCTION = YES;
				GCC_WARN_UNUSED_VARIABLE = YES;
				IPHONEOS_DEPLOYMENT_TARGET = 17.5;
				LOCALIZATION_PREFERS_STRING_CATALOGS = YES;
				MTL_ENABLE_DEBUG_INFO = INCLUDE_SOURCE;
				MTL_FAST_MATH = YES;
				ONLY_ACTIVE_ARCH = YES;
				SDKROOT = iphoneos;
				SWIFT_ACTIVE_COMPILATION_CONDITIONS = "DEBUG $(inherited)";
				SWIFT_OPTIMIZATION_LEVEL = "-Onone";
			};
			name = Debug;
		};
		AE2FA8AA2C16DD610094AAA1 /* Release */ = {
			isa = XCBuildConfiguration;
			buildSettings = {
				ALWAYS_SEARCH_USER_PATHS = NO;
				ASSETCATALOG_COMPILER_GENERATE_SWIFT_ASSET_SYMBOL_EXTENSIONS = YES;
				CLANG_ANALYZER_NONNULL = YES;
				CLANG_ANALYZER_NUMBER_OBJECT_CONVERSION = YES_AGGRESSIVE;
				CLANG_CXX_LANGUAGE_STANDARD = "gnu++20";
				CLANG_ENABLE_MODULES = YES;
				CLANG_ENABLE_OBJC_ARC = YES;
				CLANG_ENABLE_OBJC_WEAK = YES;
				CLANG_WARN_BLOCK_CAPTURE_AUTORELEASING = YES;
				CLANG_WARN_BOOL_CONVERSION = YES;
				CLANG_WARN_COMMA = YES;
				CLANG_WARN_CONSTANT_CONVERSION = YES;
				CLANG_WARN_DEPRECATED_OBJC_IMPLEMENTATIONS = YES;
				CLANG_WARN_DIRECT_OBJC_ISA_USAGE = YES_ERROR;
				CLANG_WARN_DOCUMENTATION_COMMENTS = YES;
				CLANG_WARN_EMPTY_BODY = YES;
				CLANG_WARN_ENUM_CONVERSION = YES;
				CLANG_WARN_INFINITE_RECURSION = YES;
				CLANG_WARN_INT_CONVERSION = YES;
				CLANG_WARN_NON_LITERAL_NULL_CONVERSION = YES;
				CLANG_WARN_OBJC_IMPLICIT_RETAIN_SELF = YES;
				CLANG_WARN_OBJC_LITERAL_CONVERSION = YES;
				CLANG_WARN_OBJC_ROOT_CLASS = YES_ERROR;
				CLANG_WARN_QUOTED_INCLUDE_IN_FRAMEWORK_HEADER = YES;
				CLANG_WARN_RANGE_LOOP_ANALYSIS = YES;
				CLANG_WARN_STRICT_PROTOTYPES = YES;
				CLANG_WARN_SUSPICIOUS_MOVE = YES;
				CLANG_WARN_UNGUARDED_AVAILABILITY = YES_AGGRESSIVE;
				CLANG_WARN_UNREACHABLE_CODE = YES;
				CLANG_WARN__DUPLICATE_METHOD_MATCH = YES;
				COPY_PHASE_STRIP = NO;
				DEBUG_INFORMATION_FORMAT = "dwarf-with-dsym";
				ENABLE_NS_ASSERTIONS = NO;
				ENABLE_STRICT_OBJC_MSGSEND = YES;
				ENABLE_USER_SCRIPT_SANDBOXING = YES;
				GCC_C_LANGUAGE_STANDARD = gnu17;
				GCC_NO_COMMON_BLOCKS = YES;
				GCC_WARN_64_TO_32_BIT_CONVERSION = YES;
				GCC_WARN_ABOUT_RETURN_TYPE = YES_ERROR;
				GCC_WARN_UNDECLARED_SELECTOR = YES;
				GCC_WARN_UNINITIALIZED_AUTOS = YES_AGGRESSIVE;
				GCC_WARN_UNUSED_FUNCTION = YES;
				GCC_WARN_UNUSED_VARIABLE = YES;
				IPHONEOS_DEPLOYMENT_TARGET = 17.5;
				LOCALIZATION_PREFERS_STRING_CATALOGS = YES;
				MTL_ENABLE_DEBUG_INFO = NO;
				MTL_FAST_MATH = YES;
				SDKROOT = iphoneos;
				SWIFT_COMPILATION_MODE = wholemodule;
				VALIDATE_PRODUCT = YES;
			};
			name = Release;
		};
		AE2FA8AC2C16DD610094AAA1 /* Debug */ = {
			isa = XCBuildConfiguration;
			buildSettings = {
				ASSETCATALOG_COMPILER_APPICON_NAME = AppIcon;
				ASSETCATALOG_COMPILER_GLOBAL_ACCENT_COLOR_NAME = AccentColor;
				CODE_SIGN_STYLE = Automatic;
				CURRENT_PROJECT_VERSION = 23;
				DEVELOPMENT_TEAM = 723HTEFHBA;
				GENERATE_INFOPLIST_FILE = YES;
				INFOPLIST_FILE = EPICRPS/Info.plist;
				INFOPLIST_KEY_LSApplicationCategoryType = "public.app-category.games";
				INFOPLIST_KEY_UIApplicationSupportsIndirectInputEvents = YES;
				INFOPLIST_KEY_UILaunchStoryboardName = LaunchScreen;
				INFOPLIST_KEY_UISupportedInterfaceOrientations = UIInterfaceOrientationPortrait;
				INFOPLIST_KEY_UISupportedInterfaceOrientations_iPad = "UIInterfaceOrientationLandscapeLeft UIInterfaceOrientationLandscapeRight UIInterfaceOrientationPortrait UIInterfaceOrientationPortraitUpsideDown";
				INFOPLIST_KEY_UIUserInterfaceStyle = Light;
				IPHONEOS_DEPLOYMENT_TARGET = 15.0;
				LD_RUNPATH_SEARCH_PATHS = (
					"$(inherited)",
					"@executable_path/Frameworks",
				);
				MARKETING_VERSION = 0.1.1;
				PRODUCT_BUNDLE_IDENTIFIER = ru.fibeapp.EPICRPS;
				PRODUCT_NAME = "$(TARGET_NAME)";
				SWIFT_EMIT_LOC_STRINGS = YES;
				SWIFT_VERSION = 5.0;
				TARGETED_DEVICE_FAMILY = "1,2";
			};
			name = Debug;
		};
		AE2FA8AD2C16DD610094AAA1 /* Release */ = {
			isa = XCBuildConfiguration;
			buildSettings = {
				ASSETCATALOG_COMPILER_APPICON_NAME = AppIcon;
				ASSETCATALOG_COMPILER_GLOBAL_ACCENT_COLOR_NAME = AccentColor;
				CODE_SIGN_STYLE = Automatic;
				CURRENT_PROJECT_VERSION = 23;
				DEVELOPMENT_TEAM = 723HTEFHBA;
				GENERATE_INFOPLIST_FILE = YES;
				INFOPLIST_FILE = EPICRPS/Info.plist;
				INFOPLIST_KEY_LSApplicationCategoryType = "public.app-category.games";
				INFOPLIST_KEY_UIApplicationSupportsIndirectInputEvents = YES;
				INFOPLIST_KEY_UILaunchStoryboardName = LaunchScreen;
				INFOPLIST_KEY_UISupportedInterfaceOrientations = UIInterfaceOrientationPortrait;
				INFOPLIST_KEY_UISupportedInterfaceOrientations_iPad = "UIInterfaceOrientationLandscapeLeft UIInterfaceOrientationLandscapeRight UIInterfaceOrientationPortrait UIInterfaceOrientationPortraitUpsideDown";
				INFOPLIST_KEY_UIUserInterfaceStyle = Light;
				IPHONEOS_DEPLOYMENT_TARGET = 15.0;
				LD_RUNPATH_SEARCH_PATHS = (
					"$(inherited)",
					"@executable_path/Frameworks",
				);
				MARKETING_VERSION = 0.1.1;
				PRODUCT_BUNDLE_IDENTIFIER = ru.fibeapp.EPICRPS;
				PRODUCT_NAME = "$(TARGET_NAME)";
				SWIFT_EMIT_LOC_STRINGS = YES;
				SWIFT_VERSION = 5.0;
				TARGETED_DEVICE_FAMILY = "1,2";
			};
			name = Release;
		};
/* End XCBuildConfiguration section */

/* Begin XCConfigurationList section */
		AE2FA8922C16DD600094AAA1 /* Build configuration list for PBXProject "EPICRPS" */ = {
			isa = XCConfigurationList;
			buildConfigurations = (
				AE2FA8A92C16DD610094AAA1 /* Debug */,
				AE2FA8AA2C16DD610094AAA1 /* Release */,
			);
			defaultConfigurationIsVisible = 0;
			defaultConfigurationName = Release;
		};
		AE2FA8AB2C16DD610094AAA1 /* Build configuration list for PBXNativeTarget "EPICRPS" */ = {
			isa = XCConfigurationList;
			buildConfigurations = (
				AE2FA8AC2C16DD610094AAA1 /* Debug */,
				AE2FA8AD2C16DD610094AAA1 /* Release */,
			);
			defaultConfigurationIsVisible = 0;
			defaultConfigurationName = Release;
		};
/* End XCConfigurationList section */

/* Begin XCRemoteSwiftPackageReference section */
		D9A3B6472C1F1A9300F0EB76 /* XCRemoteSwiftPackageReference "firebase-ios-sdk" */ = {
			isa = XCRemoteSwiftPackageReference;
			repositoryURL = "https://github.com/firebase/firebase-ios-sdk.git";
			requirement = {
				kind = upToNextMajorVersion;
				minimumVersion = 10.27.0;
			};
		};
		D9B1A5072C22971900E75854 /* XCRemoteSwiftPackageReference "ProgressHUD" */ = {
			isa = XCRemoteSwiftPackageReference;
			repositoryURL = "https://github.com/relatedcode/ProgressHUD.git";
			requirement = {
				kind = upToNextMajorVersion;
				minimumVersion = 14.1.3;
			};
		};
/* End XCRemoteSwiftPackageReference section */

/* Begin XCSwiftPackageProductDependency section */
		D9A3B6482C1F1A9300F0EB76 /* FirebaseAuth */ = {
			isa = XCSwiftPackageProductDependency;
			package = D9A3B6472C1F1A9300F0EB76 /* XCRemoteSwiftPackageReference "firebase-ios-sdk" */;
			productName = FirebaseAuth;
		};
		D9A3B64A2C1F1A9300F0EB76 /* FirebaseFirestore */ = {
			isa = XCSwiftPackageProductDependency;
			package = D9A3B6472C1F1A9300F0EB76 /* XCRemoteSwiftPackageReference "firebase-ios-sdk" */;
			productName = FirebaseFirestore;
		};
		D9A3B64C2C1F1A9300F0EB76 /* FirebaseFirestoreSwift */ = {
			isa = XCSwiftPackageProductDependency;
			package = D9A3B6472C1F1A9300F0EB76 /* XCRemoteSwiftPackageReference "firebase-ios-sdk" */;
			productName = FirebaseFirestoreSwift;
		};
		D9A3B64E2C1F1A9300F0EB76 /* FirebaseStorage */ = {
			isa = XCSwiftPackageProductDependency;
			package = D9A3B6472C1F1A9300F0EB76 /* XCRemoteSwiftPackageReference "firebase-ios-sdk" */;
			productName = FirebaseStorage;
		};
		D9B1A5082C22971900E75854 /* ProgressHUD */ = {
			isa = XCSwiftPackageProductDependency;
			package = D9B1A5072C22971900E75854 /* XCRemoteSwiftPackageReference "ProgressHUD" */;
			productName = ProgressHUD;
		};
/* End XCSwiftPackageProductDependency section */
	};
	rootObject = AE2FA88F2C16DD600094AAA1 /* Project object */;
}
